
Microsoft Visual Studio Solution File, Format Version 12.00
# Visual Studio 14
VisualStudioVersion = 14.0.24720.0
MinimumVisualStudioVersion = 10.0.40219.1
Project("{FAE04EC0-301F-11D3-BF4B-00C04F79EFBC}") = "AdmAspNet", "AdmAspNet\AdmAspNet.csproj", "{12E28AFD-A861-4CBB-A78C-DBAC2EE2578D}"
EndProject
Project("{FAE04EC0-301F-11D3-BF4B-00C04F79EFBC}") = "AdmAspNet.Tests", "AdmAspNet.Tests\AdmAspNet.Tests.csproj", "{57A79265-C6C4-463E-B535-49FF6B126BEF}"
EndProject
Global
	GlobalSection(SolutionConfigurationPlatforms) = preSolution
		Debug|Any CPU = Debug|Any CPU
		Release|Any CPU = Release|Any CPU
	EndGlobalSection
	GlobalSection(ProjectConfigurationPlatforms) = postSolution
		{12E28AFD-A861-4CBB-A78C-DBAC2EE2578D}.Debug|Any CPU.ActiveCfg = Debug|Any CPU
		{12E28AFD-A861-4CBB-A78C-DBAC2EE2578D}.Debug|Any CPU.Build.0 = Debug|Any CPU
		{12E28AFD-A861-4CBB-A78C-DBAC2EE2578D}.Release|Any CPU.ActiveCfg = Release|Any CPU
		{12E28AFD-A861-4CBB-A78C-DBAC2EE2578D}.Release|Any CPU.Build.0 = Release|Any CPU
		{57A79265-C6C4-463E-B535-49FF6B126BEF}.Debug|Any CPU.ActiveCfg = Debug|Any CPU
		{57A79265-C6C4-463E-B535-49FF6B126BEF}.Debug|Any CPU.Build.0 = Debug|Any CPU
		{57A79265-C6C4-463E-B535-49FF6B126BEF}.Release|Any CPU.ActiveCfg = Release|Any CPU
		{57A79265-C6C4-463E-B535-49FF6B126BEF}.Release|Any CPU.Build.0 = Release|Any CPU
	EndGlobalSection
	GlobalSection(SolutionProperties) = preSolution
		HideSolutionNode = FALSE
	EndGlobalSection
EndGlobal
