
Microsoft Visual Studio Solution File, Format Version 12.00
# Visual Studio 14
VisualStudioVersion = 14.0.24720.0
MinimumVisualStudioVersion = 10.0.40219.1
Project("{FAE04EC0-301F-11D3-BF4B-00C04F79EFBC}") = "Api", "Api\Api.csproj", "{76A3BABD-ED22-43D4-ABBA-F459C67D6651}"
EndProject
Project("{FAE04EC0-301F-11D3-BF4B-00C04F79EFBC}") = "Api.Tests", "Api.Tests\Api.Tests.csproj", "{09F60F6E-DE3B-4D5E-A4DD-6225D90EBE59}"
EndProject
Global
	GlobalSection(SolutionConfigurationPlatforms) = preSolution
		Debug|Any CPU = Debug|Any CPU
		Release|Any CPU = Release|Any CPU
	EndGlobalSection
	GlobalSection(ProjectConfigurationPlatforms) = postSolution
		{76A3BABD-ED22-43D4-ABBA-F459C67D6651}.Debug|Any CPU.ActiveCfg = Debug|Any CPU
		{76A3BABD-ED22-43D4-ABBA-F459C67D6651}.Debug|Any CPU.Build.0 = Debug|Any CPU
		{76A3BABD-ED22-43D4-ABBA-F459C67D6651}.Release|Any CPU.ActiveCfg = Release|Any CPU
		{76A3BABD-ED22-43D4-ABBA-F459C67D6651}.Release|Any CPU.Build.0 = Release|Any CPU
		{09F60F6E-DE3B-4D5E-A4DD-6225D90EBE59}.Debug|Any CPU.ActiveCfg = Debug|Any CPU
		{09F60F6E-DE3B-4D5E-A4DD-6225D90EBE59}.Debug|Any CPU.Build.0 = Debug|Any CPU
		{09F60F6E-DE3B-4D5E-A4DD-6225D90EBE59}.Release|Any CPU.ActiveCfg = Release|Any CPU
		{09F60F6E-DE3B-4D5E-A4DD-6225D90EBE59}.Release|Any CPU.Build.0 = Release|Any CPU
	EndGlobalSection
	GlobalSection(SolutionProperties) = preSolution
		HideSolutionNode = FALSE
	EndGlobalSection
EndGlobal
